
Microsoft Visual Studio Solution File, Format Version 12.00
# Visual Studio 15
VisualStudioVersion = 15.0.27130.2027
MinimumVisualStudioVersion = 10.0.40219.1
Project("{FAE04EC0-301F-11D3-BF4B-00C04F79EFBC}") = "DeputyApi", "src\DeputyApi\DeputyApi.csproj", "{C3312C85-4FD8-437C-99D9-9351D5E6973D}"
EndProject
Project("{FAE04EC0-301F-11D3-BF4B-00C04F79EFBC}") = "DeputyApi.Tests", "test\DeputyApi.Tests\DeputyApi.Tests.csproj", "{1647453F-1DD8-4833-833D-EEA9067A552F}"
EndProject
Project("{2150E333-8FDC-42A3-9474-1A3956D46DE8}") = "Solution Items", "Solution Items", "{97F557C6-1BD9-4698-8C48-E353F3032418}"
	ProjectSection(SolutionItems) = preProject
		.editorconfig = .editorconfig
		README.md = README.md
	EndProjectSection
EndProject
Global
	GlobalSection(SolutionConfigurationPlatforms) = preSolution
		Debug|Any CPU = Debug|Any CPU
		Release|Any CPU = Release|Any CPU
	EndGlobalSection
	GlobalSection(ProjectConfigurationPlatforms) = postSolution
		{C3312C85-4FD8-437C-99D9-9351D5E6973D}.Debug|Any CPU.ActiveCfg = Debug|Any CPU
		{C3312C85-4FD8-437C-99D9-9351D5E6973D}.Debug|Any CPU.Build.0 = Debug|Any CPU
		{C3312C85-4FD8-437C-99D9-9351D5E6973D}.Release|Any CPU.ActiveCfg = Release|Any CPU
		{C3312C85-4FD8-437C-99D9-9351D5E6973D}.Release|Any CPU.Build.0 = Release|Any CPU
		{1647453F-1DD8-4833-833D-EEA9067A552F}.Debug|Any CPU.ActiveCfg = Debug|Any CPU
		{1647453F-1DD8-4833-833D-EEA9067A552F}.Debug|Any CPU.Build.0 = Debug|Any CPU
		{1647453F-1DD8-4833-833D-EEA9067A552F}.Release|Any CPU.ActiveCfg = Release|Any CPU
		{1647453F-1DD8-4833-833D-EEA9067A552F}.Release|Any CPU.Build.0 = Release|Any CPU
	EndGlobalSection
	GlobalSection(SolutionProperties) = preSolution
		HideSolutionNode = FALSE
	EndGlobalSection
	GlobalSection(ExtensibilityGlobals) = postSolution
		SolutionGuid = {7B4AD39F-2123-4719-9B76-C3FBC16633A8}
	EndGlobalSection
EndGlobal
